
Microsoft Visual Studio Solution File, Format Version 12.00
Project("{FAE04EC0-301F-11D3-BF4B-00C04F79EFBC}") = "SamuelIH.Nwn.UI", "SamuelIH.Nwn.UI\SamuelIH.Nwn.UI.csproj", "{D6FF6A38-8D20-43D5-B155-C45551F6965A}"
EndProject
Global
	GlobalSection(SolutionConfigurationPlatforms) = preSolution
		Debug|Any CPU = Debug|Any CPU
		Release|Any CPU = Release|Any CPU
	EndGlobalSection
	GlobalSection(ProjectConfigurationPlatforms) = postSolution
		{D6FF6A38-8D20-43D5-B155-C45551F6965A}.Debug|Any CPU.ActiveCfg = Debug|Any CPU
		{D6FF6A38-8D20-43D5-B155-C45551F6965A}.Debug|Any CPU.Build.0 = Debug|Any CPU
		{D6FF6A38-8D20-43D5-B155-C45551F6965A}.Release|Any CPU.ActiveCfg = Release|Any CPU
		{D6FF6A38-8D20-43D5-B155-C45551F6965A}.Release|Any CPU.Build.0 = Release|Any CPU
	EndGlobalSection
EndGlobal
